
Microsoft Visual Studio Solution File, Format Version 12.00
# Visual Studio 15
VisualStudioVersion = 15.0.28307.705
MinimumVisualStudioVersion = 10.0.40219.1
Project("{2150E333-8FDC-42A3-9474-1A3956D46DE8}") = "src", "src", "{8053DF2E-3DB0-475D-B5C0-F717B694C6D4}"
EndProject
Project("{2150E333-8FDC-42A3-9474-1A3956D46DE8}") = "Solution Items", "Solution Items", "{01BC9990-928B-42A6-9E1D-12C789FBE066}"
EndProject
Project("{2150E333-8FDC-42A3-9474-1A3956D46DE8}") = "ApiGateways", "ApiGateways", "{B8414885-19F2-4517-80C7-A1F600A2EDD6}"
EndProject
Project("{2150E333-8FDC-42A3-9474-1A3956D46DE8}") = "ApiGw-Base", "ApiGw-Base", "{CB37D5F0-CE2D-4FA3-842B-5015BCE839D9}"
EndProject
Project("{2150E333-8FDC-42A3-9474-1A3956D46DE8}") = "Services", "Services", "{AC640D7D-3238-4F6A-98D5-9DF97EBF8EEF}"
EndProject
Project("{2150E333-8FDC-42A3-9474-1A3956D46DE8}") = "Basket", "Basket", "{7427D37C-A6EA-430E-A9A8-A00BEBFEFC14}"
EndProject
Project("{2150E333-8FDC-42A3-9474-1A3956D46DE8}") = "Catalog", "Catalog", "{16594BF9-9683-41AE-AE2C-C2A8F5572711}"
EndProject
Project("{2150E333-8FDC-42A3-9474-1A3956D46DE8}") = "Identity", "Identity", "{9FD51CD4-789C-45B8-9DCF-7C901CC3BA15}"
EndProject
Project("{2150E333-8FDC-42A3-9474-1A3956D46DE8}") = "Location", "Location", "{1082B0F7-0789-4129-B528-099EDAFFEE1B}"
EndProject
Project("{2150E333-8FDC-42A3-9474-1A3956D46DE8}") = "User", "User", "{1DE51598-7F43-4BC8-ACFB-46AC6541161C}"
EndProject
Project("{9A19103F-16F7-4668-BE54-9A1E7A4F7556}") = "User.API", "src\Services\User\User.API\User.API.csproj", "{C9C3A6A5-531C-4316-9812-D15CF0707BEF}"
EndProject
Project("{9A19103F-16F7-4668-BE54-9A1E7A4F7556}") = "User.Domain", "src\Services\User\User.Domain\User.Domain.csproj", "{B22A9643-E609-472C-A336-70D82A87B1A3}"
EndProject
Project("{9A19103F-16F7-4668-BE54-9A1E7A4F7556}") = "User.Infrastructure", "src\Services\User\User.Infrastructure\User.Infrastructure.csproj", "{908F15E8-BBC4-4108-9C7B-DBF79BFFDD2C}"
EndProject
Project("{9A19103F-16F7-4668-BE54-9A1E7A4F7556}") = "Identity.API", "src\Services\Identity\Identity.API\Identity.API.csproj", "{B9290817-69FE-4098-8578-1F4D5CC4D0C5}"
EndProject
Project("{2150E333-8FDC-42A3-9474-1A3956D46DE8}") = "BuildingBlocks", "BuildingBlocks", "{13270D7E-D149-4472-A607-811D56FA0AD5}"
EndProject
Project("{2150E333-8FDC-42A3-9474-1A3956D46DE8}") = "EventBus", "EventBus", "{AFB7A288-2E6C-4744-A635-424405B704D7}"
EndProject
Project("{2150E333-8FDC-42A3-9474-1A3956D46DE8}") = "WebHost", "WebHost", "{E1EB5228-059B-4235-AA0E-29F40FEF139F}"
EndProject
Project("{9A19103F-16F7-4668-BE54-9A1E7A4F7556}") = "EventBus", "src\BuildingBlocks\EventBus\EventBus\EventBus.csproj", "{C17D5D22-7AF7-4983-B704-AEFB7E0EC1F9}"
EndProject
Project("{9A19103F-16F7-4668-BE54-9A1E7A4F7556}") = "IntegrationEventLogEF", "src\BuildingBlocks\EventBus\IntegrationEventLogEF\IntegrationEventLogEF.csproj", "{AAA89889-E75D-4CAB-9E13-946A1CA37E22}"
EndProject
Project("{9A19103F-16F7-4668-BE54-9A1E7A4F7556}") = "EventBusRabbitMQ", "src\BuildingBlocks\EventBus\EventBusRabbitMQ\EventBusRabbitMQ.csproj", "{F681B48C-712F-4814-887D-8BD77739F9CE}"
EndProject
Project("{9A19103F-16F7-4668-BE54-9A1E7A4F7556}") = "EventBusServiceBus", "src\BuildingBlocks\EventBus\EventBusServiceBus\EventBusServiceBus.csproj", "{1D9CC291-343B-4B1E-9096-0ECE8D23A068}"
EndProject
Project("{9A19103F-16F7-4668-BE54-9A1E7A4F7556}") = "User.SignalrHub", "User.SignalrHub\User.SignalrHub.csproj", "{DBB3B803-B5EE-4DE6-8B45-1A02FD954F59}"
EndProject
Project("{FAE04EC0-301F-11D3-BF4B-00C04F79EFBC}") = "User.BackgroundTasks", "User.BackgroundTasks\User.BackgroundTasks.csproj", "{551B15CF-90EB-43BA-87C2-383A11666722}"
EndProject
Global
	GlobalSection(SolutionConfigurationPlatforms) = preSolution
		Debug|Any CPU = Debug|Any CPU
		Release|Any CPU = Release|Any CPU
	EndGlobalSection
	GlobalSection(ProjectConfigurationPlatforms) = postSolution
		{C9C3A6A5-531C-4316-9812-D15CF0707BEF}.Debug|Any CPU.ActiveCfg = Debug|Any CPU
		{C9C3A6A5-531C-4316-9812-D15CF0707BEF}.Debug|Any CPU.Build.0 = Debug|Any CPU
		{C9C3A6A5-531C-4316-9812-D15CF0707BEF}.Release|Any CPU.ActiveCfg = Release|Any CPU
		{C9C3A6A5-531C-4316-9812-D15CF0707BEF}.Release|Any CPU.Build.0 = Release|Any CPU
		{B22A9643-E609-472C-A336-70D82A87B1A3}.Debug|Any CPU.ActiveCfg = Debug|Any CPU
		{B22A9643-E609-472C-A336-70D82A87B1A3}.Debug|Any CPU.Build.0 = Debug|Any CPU
		{B22A9643-E609-472C-A336-70D82A87B1A3}.Release|Any CPU.ActiveCfg = Release|Any CPU
		{B22A9643-E609-472C-A336-70D82A87B1A3}.Release|Any CPU.Build.0 = Release|Any CPU
		{908F15E8-BBC4-4108-9C7B-DBF79BFFDD2C}.Debug|Any CPU.ActiveCfg = Debug|Any CPU
		{908F15E8-BBC4-4108-9C7B-DBF79BFFDD2C}.Debug|Any CPU.Build.0 = Debug|Any CPU
		{908F15E8-BBC4-4108-9C7B-DBF79BFFDD2C}.Release|Any CPU.ActiveCfg = Release|Any CPU
		{908F15E8-BBC4-4108-9C7B-DBF79BFFDD2C}.Release|Any CPU.Build.0 = Release|Any CPU
		{B9290817-69FE-4098-8578-1F4D5CC4D0C5}.Debug|Any CPU.ActiveCfg = Debug|Any CPU
		{B9290817-69FE-4098-8578-1F4D5CC4D0C5}.Debug|Any CPU.Build.0 = Debug|Any CPU
		{B9290817-69FE-4098-8578-1F4D5CC4D0C5}.Release|Any CPU.ActiveCfg = Release|Any CPU
		{B9290817-69FE-4098-8578-1F4D5CC4D0C5}.Release|Any CPU.Build.0 = Release|Any CPU
		{C17D5D22-7AF7-4983-B704-AEFB7E0EC1F9}.Debug|Any CPU.ActiveCfg = Debug|Any CPU
		{C17D5D22-7AF7-4983-B704-AEFB7E0EC1F9}.Debug|Any CPU.Build.0 = Debug|Any CPU
		{C17D5D22-7AF7-4983-B704-AEFB7E0EC1F9}.Release|Any CPU.ActiveCfg = Release|Any CPU
		{C17D5D22-7AF7-4983-B704-AEFB7E0EC1F9}.Release|Any CPU.Build.0 = Release|Any CPU
		{AAA89889-E75D-4CAB-9E13-946A1CA37E22}.Debug|Any CPU.ActiveCfg = Debug|Any CPU
		{AAA89889-E75D-4CAB-9E13-946A1CA37E22}.Debug|Any CPU.Build.0 = Debug|Any CPU
		{AAA89889-E75D-4CAB-9E13-946A1CA37E22}.Release|Any CPU.ActiveCfg = Release|Any CPU
		{AAA89889-E75D-4CAB-9E13-946A1CA37E22}.Release|Any CPU.Build.0 = Release|Any CPU
		{F681B48C-712F-4814-887D-8BD77739F9CE}.Debug|Any CPU.ActiveCfg = Debug|Any CPU
		{F681B48C-712F-4814-887D-8BD77739F9CE}.Debug|Any CPU.Build.0 = Debug|Any CPU
		{F681B48C-712F-4814-887D-8BD77739F9CE}.Release|Any CPU.ActiveCfg = Release|Any CPU
		{F681B48C-712F-4814-887D-8BD77739F9CE}.Release|Any CPU.Build.0 = Release|Any CPU
		{1D9CC291-343B-4B1E-9096-0ECE8D23A068}.Debug|Any CPU.ActiveCfg = Debug|Any CPU
		{1D9CC291-343B-4B1E-9096-0ECE8D23A068}.Debug|Any CPU.Build.0 = Debug|Any CPU
		{1D9CC291-343B-4B1E-9096-0ECE8D23A068}.Release|Any CPU.ActiveCfg = Release|Any CPU
		{1D9CC291-343B-4B1E-9096-0ECE8D23A068}.Release|Any CPU.Build.0 = Release|Any CPU
		{DBB3B803-B5EE-4DE6-8B45-1A02FD954F59}.Debug|Any CPU.ActiveCfg = Debug|Any CPU
		{DBB3B803-B5EE-4DE6-8B45-1A02FD954F59}.Debug|Any CPU.Build.0 = Debug|Any CPU
		{DBB3B803-B5EE-4DE6-8B45-1A02FD954F59}.Release|Any CPU.ActiveCfg = Release|Any CPU
		{DBB3B803-B5EE-4DE6-8B45-1A02FD954F59}.Release|Any CPU.Build.0 = Release|Any CPU
		{551B15CF-90EB-43BA-87C2-383A11666722}.Debug|Any CPU.ActiveCfg = Debug|Any CPU
		{551B15CF-90EB-43BA-87C2-383A11666722}.Debug|Any CPU.Build.0 = Debug|Any CPU
		{551B15CF-90EB-43BA-87C2-383A11666722}.Release|Any CPU.ActiveCfg = Release|Any CPU
		{551B15CF-90EB-43BA-87C2-383A11666722}.Release|Any CPU.Build.0 = Release|Any CPU
	EndGlobalSection
	GlobalSection(SolutionProperties) = preSolution
		HideSolutionNode = FALSE
	EndGlobalSection
	GlobalSection(NestedProjects) = preSolution
		{B8414885-19F2-4517-80C7-A1F600A2EDD6} = {8053DF2E-3DB0-475D-B5C0-F717B694C6D4}
		{CB37D5F0-CE2D-4FA3-842B-5015BCE839D9} = {B8414885-19F2-4517-80C7-A1F600A2EDD6}
		{AC640D7D-3238-4F6A-98D5-9DF97EBF8EEF} = {8053DF2E-3DB0-475D-B5C0-F717B694C6D4}
		{7427D37C-A6EA-430E-A9A8-A00BEBFEFC14} = {AC640D7D-3238-4F6A-98D5-9DF97EBF8EEF}
		{16594BF9-9683-41AE-AE2C-C2A8F5572711} = {AC640D7D-3238-4F6A-98D5-9DF97EBF8EEF}
		{9FD51CD4-789C-45B8-9DCF-7C901CC3BA15} = {AC640D7D-3238-4F6A-98D5-9DF97EBF8EEF}
		{1082B0F7-0789-4129-B528-099EDAFFEE1B} = {AC640D7D-3238-4F6A-98D5-9DF97EBF8EEF}
		{1DE51598-7F43-4BC8-ACFB-46AC6541161C} = {AC640D7D-3238-4F6A-98D5-9DF97EBF8EEF}
		{C9C3A6A5-531C-4316-9812-D15CF0707BEF} = {1DE51598-7F43-4BC8-ACFB-46AC6541161C}
		{B22A9643-E609-472C-A336-70D82A87B1A3} = {1DE51598-7F43-4BC8-ACFB-46AC6541161C}
		{908F15E8-BBC4-4108-9C7B-DBF79BFFDD2C} = {1DE51598-7F43-4BC8-ACFB-46AC6541161C}
		{B9290817-69FE-4098-8578-1F4D5CC4D0C5} = {9FD51CD4-789C-45B8-9DCF-7C901CC3BA15}
		{13270D7E-D149-4472-A607-811D56FA0AD5} = {8053DF2E-3DB0-475D-B5C0-F717B694C6D4}
		{AFB7A288-2E6C-4744-A635-424405B704D7} = {13270D7E-D149-4472-A607-811D56FA0AD5}
		{E1EB5228-059B-4235-AA0E-29F40FEF139F} = {13270D7E-D149-4472-A607-811D56FA0AD5}
		{C17D5D22-7AF7-4983-B704-AEFB7E0EC1F9} = {AFB7A288-2E6C-4744-A635-424405B704D7}
		{AAA89889-E75D-4CAB-9E13-946A1CA37E22} = {AFB7A288-2E6C-4744-A635-424405B704D7}
		{F681B48C-712F-4814-887D-8BD77739F9CE} = {AFB7A288-2E6C-4744-A635-424405B704D7}
		{1D9CC291-343B-4B1E-9096-0ECE8D23A068} = {AFB7A288-2E6C-4744-A635-424405B704D7}
		{DBB3B803-B5EE-4DE6-8B45-1A02FD954F59} = {1DE51598-7F43-4BC8-ACFB-46AC6541161C}
		{551B15CF-90EB-43BA-87C2-383A11666722} = {1DE51598-7F43-4BC8-ACFB-46AC6541161C}
	EndGlobalSection
	GlobalSection(ExtensibilityGlobals) = postSolution
		SolutionGuid = {0404BEB0-1671-4E1A-82D7-423A155370B4}
	EndGlobalSection
EndGlobal
